<?xml version="1.0" encoding="utf-8"?>
<Project ToolsVersion="4.0" xmlns="http://schemas.microsoft.com/developer/msbuild/2003">
  <ItemGroup>
    <ClCompile Include="GunnerBoiClient.cpp" />
    <ClCompile Include="App\GunnerBoiApplication.cpp">
      <Filter>App</Filter>
    </ClCompile>
    <ClCompile Include="Game\GunnerBoiScene.cpp">
      <Filter>Game</Filter>
    </ClCompile>
    <ClCompile Include="Game\Scene\Boi.cpp">
      <Filter>Game\Scene</Filter>
    </ClCompile>
    <ClCompile Include="Managers\ProjectileManager.cpp">
      <Filter>Game\Managers</Filter>
    </ClCompile>
    <ClCompile Include="Game\Scene\Projectile.cpp">
      <Filter>Game\Scene</Filter>
    </ClCompile>
  </ItemGroup>
  <ItemGroup>
    <Filter Include="App">
      <UniqueIdentifier>{e6c9eef7-3463-44da-820d-55c9c72d628d}</UniqueIdentifier>
    </Filter>
    <Filter Include="Game">
      <UniqueIdentifier>{bf2f019f-7662-40cd-837b-6c94082b95c0}</UniqueIdentifier>
    </Filter>
    <Filter Include="Game\Scene">
      <UniqueIdentifier>{ade997ed-6f5a-43b3-9407-529a5ad70d42}</UniqueIdentifier>
    </Filter>
    <Filter Include="Game\Managers">
      <UniqueIdentifier>{908d375d-7127-422b-8e85-3c764a86225a}</UniqueIdentifier>
    </Filter>
  </ItemGroup>
  <ItemGroup>
    <ClInclude Include="App\GunnerBoiApplication.h">
      <Filter>App</Filter>
    </ClInclude>
    <ClInclude Include="Game\GunnerBoiScene.h">
      <Filter>Game</Filter>
    </ClInclude>
    <ClInclude Include="Game\Scene\Boi.h">
      <Filter>Game\Scene</Filter>
    </ClInclude>
    <ClInclude Include="Managers\ProjectileManager.h">
      <Filter>Game\Managers</Filter>
    </ClInclude>
    <ClInclude Include="Game\Scene\Projectile.h">
      <Filter>Game\Scene</Filter>
    </ClInclude>
  </ItemGroup>
</Project>