<?xml version="1.0" encoding="utf-8"?>
<Project ToolsVersion="4.0" xmlns="http://schemas.microsoft.com/developer/msbuild/2003">
  <ItemGroup>
    <Filter Include="Util">
      <UniqueIdentifier>{f54ac659-0b87-4c8d-aa56-0b3c04ba3595}</UniqueIdentifier>
    </Filter>
    <Filter Include="Core">
      <UniqueIdentifier>{fb24429c-6688-4ca7-9346-9cad736ab782}</UniqueIdentifier>
    </Filter>
    <Filter Include="App">
      <UniqueIdentifier>{6bfd84c7-c0c5-43c9-b6d5-a0a3692591b9}</UniqueIdentifier>
    </Filter>
    <Filter Include="Graphics">
      <UniqueIdentifier>{b7b64b37-f06b-4212-a57a-0cde39b4342a}</UniqueIdentifier>
    </Filter>
    <Filter Include="IO">
      <UniqueIdentifier>{1931a3d9-e915-4628-a80a-c6c415733351}</UniqueIdentifier>
    </Filter>
    <Filter Include="Timing">
      <UniqueIdentifier>{785d2412-4b6a-4c74-bba1-817346d51336}</UniqueIdentifier>
    </Filter>
    <Filter Include="Math">
      <UniqueIdentifier>{7e4f3797-e3f5-4b3c-bb0f-5b6eccb0667b}</UniqueIdentifier>
    </Filter>
    <Filter Include="Graphics\Shaders">
      <UniqueIdentifier>{77f24fa0-28e1-4d22-99f5-240d9baba628}</UniqueIdentifier>
    </Filter>
    <Filter Include="Util\Loaders">
      <UniqueIdentifier>{1152d737-5257-4915-a731-2fd7994e310a}</UniqueIdentifier>
    </Filter>
    <Filter Include="Game">
      <UniqueIdentifier>{ffb77d74-2f5d-4db2-a438-37628c10008e}</UniqueIdentifier>
    </Filter>
    <Filter Include="Game\Attributes">
      <UniqueIdentifier>{c20f138b-e4ab-4bf8-946e-b93e8fac936c}</UniqueIdentifier>
    </Filter>
    <Filter Include="Game\Scene">
      <UniqueIdentifier>{baf333cd-1af2-415b-bb55-314708d6a749}</UniqueIdentifier>
    </Filter>
    <Filter Include="Graphics\Renderers">
      <UniqueIdentifier>{344ce12d-7400-4d57-aa52-a5676628201c}</UniqueIdentifier>
    </Filter>
    <Filter Include="Util\Generators">
      <UniqueIdentifier>{786b1ac6-4dda-47d8-aba7-8b27edde85b8}</UniqueIdentifier>
    </Filter>
    <Filter Include="Game\Scene\Object">
      <UniqueIdentifier>{3f67dc48-0346-4d75-84f0-1176a07b07fd}</UniqueIdentifier>
    </Filter>
    <Filter Include="Game\Scene\Camera">
      <UniqueIdentifier>{fa82068d-fc3c-4d72-b1ba-f919c5485751}</UniqueIdentifier>
    </Filter>
    <Filter Include="Game\Scene\Light">
      <UniqueIdentifier>{c1dc9c3f-81d7-4077-a362-2e2f6b4eefb3}</UniqueIdentifier>
    </Filter>
    <Filter Include="Core\Exception">
      <UniqueIdentifier>{560f1072-0cf9-4e65-8cfa-719b6ea0f847}</UniqueIdentifier>
    </Filter>
    <Filter Include="Math\Physics">
      <UniqueIdentifier>{c7a1dd69-760a-4e19-9cf4-e18eb2042fb9}</UniqueIdentifier>
    </Filter>
    <Filter Include="Math\Physics\RigidBody">
      <UniqueIdentifier>{9d2c7ba2-3f5b-4bd9-b01e-c55f6f094ca0}</UniqueIdentifier>
    </Filter>
  </ItemGroup>
  <ItemGroup>
    <ClCompile Include="Core\Debug.cpp">
      <Filter>Core</Filter>
    </ClCompile>
    <ClCompile Include="App\Application.cpp">
      <Filter>App</Filter>
    </ClCompile>
    <ClCompile Include="App\RenderApplication.cpp">
      <Filter>App</Filter>
    </ClCompile>
    <ClCompile Include="Graphics\Buffer.cpp">
      <Filter>Graphics</Filter>
    </ClCompile>
    <ClCompile Include="Util\FourCC.cpp">
      <Filter>Util</Filter>
    </ClCompile>
    <ClCompile Include="IO\Console.cpp">
      <Filter>IO</Filter>
    </ClCompile>
    <ClCompile Include="Graphics\Window.cpp">
      <Filter>Graphics</Filter>
    </ClCompile>
    <ClCompile Include="Timing\Time.cpp">
      <Filter>Timing</Filter>
    </ClCompile>
    <ClCompile Include="IO\Keyboard.cpp">
      <Filter>IO</Filter>
    </ClCompile>
    <ClCompile Include="Graphics\Core.cpp">
      <Filter>Graphics</Filter>
    </ClCompile>
    <ClCompile Include="Graphics\Shader.cpp">
      <Filter>Graphics</Filter>
    </ClCompile>
    <ClCompile Include="Graphics\ShaderProgram.cpp">
      <Filter>Graphics</Filter>
    </ClCompile>
    <ClCompile Include="Util\ResourcesLoader.cpp">
      <Filter>Util</Filter>
    </ClCompile>
    <ClCompile Include="Graphics\VertexArray.cpp">
      <Filter>Graphics</Filter>
    </ClCompile>
    <ClCompile Include="Graphics\Shaders\ShaderSystem.cpp">
      <Filter>Graphics\Shaders</Filter>
    </ClCompile>
    <ClCompile Include="Graphics\Mesh.cpp">
      <Filter>Graphics</Filter>
    </ClCompile>
    <ClCompile Include="Graphics\Model.cpp">
      <Filter>Graphics</Filter>
    </ClCompile>
    <ClCompile Include="Graphics\Shaders\EntityShader.cpp">
      <Filter>Graphics\Shaders</Filter>
    </ClCompile>
    <ClCompile Include="IO\Mouse.cpp">
      <Filter>IO</Filter>
    </ClCompile>
    <ClCompile Include="Graphics\Texture.cpp">
      <Filter>Graphics</Filter>
    </ClCompile>
    <ClCompile Include="Util\Loaders\DirectDrawSurfaceLoader.cpp">
      <Filter>Util\Loaders</Filter>
    </ClCompile>
    <ClCompile Include="Graphics\VertexAttributeConfig.cpp">
      <Filter>Graphics</Filter>
    </ClCompile>
    <ClCompile Include="Graphics\TexturedMesh.cpp">
      <Filter>Graphics</Filter>
    </ClCompile>
    <ClCompile Include="Graphics\Shaders\DepthShader.cpp">
      <Filter>Graphics\Shaders</Filter>
    </ClCompile>
    <ClCompile Include="Graphics\FrameBuffer.cpp">
      <Filter>Graphics</Filter>
    </ClCompile>
    <ClCompile Include="Graphics\Material.cpp">
      <Filter>Graphics</Filter>
    </ClCompile>
    <ClCompile Include="Game\Attributes\HasScale.cpp">
      <Filter>Game\Attributes</Filter>
    </ClCompile>
    <ClCompile Include="Game\Attributes\HasPosition3D.cpp">
      <Filter>Game\Attributes</Filter>
    </ClCompile>
    <ClCompile Include="Game\Attributes\HasRotation3D.cpp">
      <Filter>Game\Attributes</Filter>
    </ClCompile>
    <ClCompile Include="Game\Scene.cpp">
      <Filter>Game</Filter>
    </ClCompile>
    <ClCompile Include="Graphics\RenderBuffer.cpp">
      <Filter>Graphics</Filter>
    </ClCompile>
    <ClCompile Include="Graphics\Renderers\WaterRenderer.cpp">
      <Filter>Graphics\Renderers</Filter>
    </ClCompile>
    <ClCompile Include="Graphics\Shaders\WaterShader.cpp">
      <Filter>Graphics\Shaders</Filter>
    </ClCompile>
    <ClCompile Include="Graphics\Projection.cpp">
      <Filter>Graphics</Filter>
    </ClCompile>
    <ClCompile Include="Graphics\Renderers\EntityRenderer.cpp">
      <Filter>Graphics\Renderers</Filter>
    </ClCompile>
    <ClCompile Include="Util\Generators\PrimitiveGenerator.cpp">
      <Filter>Util\Generators</Filter>
    </ClCompile>
    <ClCompile Include="Graphics\Shaders\SkyboxShader.cpp">
      <Filter>Graphics\Shaders</Filter>
    </ClCompile>
    <ClCompile Include="Graphics\Renderers\SkyboxRenderer.cpp">
      <Filter>Graphics\Renderers</Filter>
    </ClCompile>
    <ClCompile Include="Util\Generators\SkyboxGenerator.cpp">
      <Filter>Util\Generators</Filter>
    </ClCompile>
    <ClCompile Include="Util\Loaders\ModelLoader.cpp">
      <Filter>Util\Loaders</Filter>
    </ClCompile>
    <ClCompile Include="Util\Random.cpp">
      <Filter>Util</Filter>
    </ClCompile>
    <ClCompile Include="Graphics\Font.cpp">
      <Filter>Graphics</Filter>
    </ClCompile>
    <ClCompile Include="Game\Scene\Camera\TargetedCamera.cpp">
      <Filter>Game\Scene\Camera</Filter>
    </ClCompile>
    <ClCompile Include="Game\Scene\Light\SpotLight.cpp">
      <Filter>Game\Scene\Light</Filter>
    </ClCompile>
    <ClCompile Include="Game\Scene\Light\PointLight.cpp">
      <Filter>Game\Scene\Light</Filter>
    </ClCompile>
    <ClCompile Include="Game\Scene\Object\Entity.cpp">
      <Filter>Game\Scene\Object</Filter>
    </ClCompile>
    <ClCompile Include="Game\Scene\Object\Skybox.cpp">
      <Filter>Game\Scene\Object</Filter>
    </ClCompile>
    <ClCompile Include="Game\Scene\Object\Water.cpp">
      <Filter>Game\Scene\Object</Filter>
    </ClCompile>
    <ClCompile Include="Game\Scene\Object\Actor.cpp">
      <Filter>Game\Scene\Object</Filter>
    </ClCompile>
    <ClCompile Include="Game\Scene\Light\DirectionalLight.cpp">
      <Filter>Game\Scene\Light</Filter>
    </ClCompile>
    <ClCompile Include="Game\Scene\Light.cpp">
      <Filter>Game\Scene</Filter>
    </ClCompile>
    <ClCompile Include="Game\Scene\Camera.cpp">
      <Filter>Game\Scene</Filter>
    </ClCompile>
    <ClCompile Include="Graphics\GraphicsUtils.cpp">
      <Filter>Graphics</Filter>
    </ClCompile>
    <ClCompile Include="Math\MathUtils3D.cpp">
      <Filter>Math</Filter>
    </ClCompile>
    <ClCompile Include="Util\Generators\TextMeshGenerator.cpp">
      <Filter>Util\Generators</Filter>
    </ClCompile>
    <ClCompile Include="Graphics\Text.cpp">
      <Filter>Graphics</Filter>
    </ClCompile>
    <ClCompile Include="Graphics\Renderers\TextRenderer.cpp">
      <Filter>Graphics\Renderers</Filter>
    </ClCompile>
    <ClCompile Include="Graphics\Shaders\TextShader.cpp">
      <Filter>Graphics\Shaders</Filter>
    </ClCompile>
    <ClCompile Include="Math\MathUtils.cpp">
      <Filter>Math</Filter>
    </ClCompile>
    <ClCompile Include="Math\MathUtils2D.cpp">
      <Filter>Math</Filter>
    </ClCompile>
    <ClCompile Include="Util\Loaders\FontMappingLoader.cpp">
      <Filter>Util\Loaders</Filter>
    </ClCompile>
    <ClCompile Include="Core\Exception.cpp">
      <Filter>Core</Filter>
    </ClCompile>
    <ClCompile Include="Core\Exception\IOException.cpp">
      <Filter>Core\Exception</Filter>
    </ClCompile>
    <ClCompile Include="IO\InputFile.cpp">
      <Filter>IO</Filter>
    </ClCompile>
    <ClCompile Include="IO\OutputFile.cpp">
      <Filter>IO</Filter>
    </ClCompile>
    <ClCompile Include="Core\Exception\ParsingException.cpp">
      <Filter>Core\Exception</Filter>
    </ClCompile>
    <ClCompile Include="Game\Attributes\HasRotation2D.cpp">
      <Filter>Game\Attributes</Filter>
    </ClCompile>
    <ClCompile Include="Game\Attributes\HasPosition2D.cpp">
      <Filter>Game\Attributes</Filter>
    </ClCompile>
    <ClCompile Include="Core\Exception\UnsupportedException.cpp">
      <Filter>Core\Exception</Filter>
    </ClCompile>
    <ClCompile Include="Math\Physics\PhysicsEngine.cpp">
      <Filter>Math\Physics</Filter>
    </ClCompile>
    <ClCompile Include="Math\Physics\RigidBody.cpp">
      <Filter>Math\Physics</Filter>
    </ClCompile>
    <ClCompile Include="Math\Physics\RigidBody\Plane.cpp">
      <Filter>Math\Physics\RigidBody</Filter>
    </ClCompile>
    <ClCompile Include="Math\Physics\RigidBody\Box.cpp">
      <Filter>Math\Physics\RigidBody</Filter>
    </ClCompile>
    <ClCompile Include="Util\Loaders\SceneLoader.cpp">
      <Filter>Util\Loaders</Filter>
    </ClCompile>
    <ClCompile Include="Util\YAMLParser.cpp">
      <Filter>Util</Filter>
    </ClCompile>
  </ItemGroup>
  <ItemGroup>
    <ClInclude Include="Core\Debug.h">
      <Filter>Core</Filter>
    </ClInclude>
    <ClInclude Include="App\Application.h">
      <Filter>App</Filter>
    </ClInclude>
    <ClInclude Include="App\RenderApplication.h">
      <Filter>App</Filter>
    </ClInclude>
    <ClInclude Include="Graphics\Buffer.h">
      <Filter>Graphics</Filter>
    </ClInclude>
    <ClInclude Include="Core\Singleton.h">
      <Filter>Core</Filter>
    </ClInclude>
    <ClInclude Include="Util\FourCC.h">
      <Filter>Util</Filter>
    </ClInclude>
    <ClInclude Include="IO\Console.h">
      <Filter>IO</Filter>
    </ClInclude>
    <ClInclude Include="Graphics\Window.h">
      <Filter>Graphics</Filter>
    </ClInclude>
    <ClInclude Include="Timing\Time.h">
      <Filter>Timing</Filter>
    </ClInclude>
    <ClInclude Include="IO\Keyboard.h">
      <Filter>IO</Filter>
    </ClInclude>
    <ClInclude Include="Graphics\Core.h">
      <Filter>Graphics</Filter>
    </ClInclude>
    <ClInclude Include="Graphics\Shader.h">
      <Filter>Graphics</Filter>
    </ClInclude>
    <ClInclude Include="Graphics\ShaderProgram.h">
      <Filter>Graphics</Filter>
    </ClInclude>
    <ClInclude Include="Util\ResourcesLoader.h">
      <Filter>Util</Filter>
    </ClInclude>
    <ClInclude Include="Graphics\VertexArray.h">
      <Filter>Graphics</Filter>
    </ClInclude>
    <ClInclude Include="Graphics\Shaders\ShaderSystem.h">
      <Filter>Graphics\Shaders</Filter>
    </ClInclude>
    <ClInclude Include="Graphics\Mesh.h">
      <Filter>Graphics</Filter>
    </ClInclude>
    <ClInclude Include="Graphics\Model.h">
      <Filter>Graphics</Filter>
    </ClInclude>
    <ClInclude Include="Graphics\Shaders\EntityShader.h">
      <Filter>Graphics\Shaders</Filter>
    </ClInclude>
    <ClInclude Include="Math\Matrix.h">
      <Filter>Math</Filter>
    </ClInclude>
    <ClInclude Include="Math\Vector.h">
      <Filter>Math</Filter>
    </ClInclude>
    <ClInclude Include="Math\Constants.h">
      <Filter>Math</Filter>
    </ClInclude>
    <ClInclude Include="Math\Quaternion.h">
      <Filter>Math</Filter>
    </ClInclude>
    <ClInclude Include="IO\Mouse.h">
      <Filter>IO</Filter>
    </ClInclude>
    <ClInclude Include="Graphics\Texture.h">
      <Filter>Graphics</Filter>
    </ClInclude>
    <ClInclude Include="Util\Loaders\DirectDrawSurfaceLoader.h">
      <Filter>Util\Loaders</Filter>
    </ClInclude>
    <ClInclude Include="Graphics\VertexAttributeConfig.h">
      <Filter>Graphics</Filter>
    </ClInclude>
    <ClInclude Include="Core\Types.h">
      <Filter>Core</Filter>
    </ClInclude>
    <ClInclude Include="Graphics\TexturedMesh.h">
      <Filter>Graphics</Filter>
    </ClInclude>
    <ClInclude Include="Graphics\Shaders\DepthShader.h">
      <Filter>Graphics\Shaders</Filter>
    </ClInclude>
    <ClInclude Include="Graphics\FrameBuffer.h">
      <Filter>Graphics</Filter>
    </ClInclude>
    <ClInclude Include="Graphics\Material.h">
      <Filter>Graphics</Filter>
    </ClInclude>
    <ClInclude Include="Game\Attributes\HasRotation3D.h">
      <Filter>Game\Attributes</Filter>
    </ClInclude>
    <ClInclude Include="Game\Attributes\HasScale.h">
      <Filter>Game\Attributes</Filter>
    </ClInclude>
    <ClInclude Include="Game\Attributes\HasPosition3D.h">
      <Filter>Game\Attributes</Filter>
    </ClInclude>
    <ClInclude Include="Game\Scene.h">
      <Filter>Game</Filter>
    </ClInclude>
    <ClInclude Include="Graphics\RenderBuffer.h">
      <Filter>Graphics</Filter>
    </ClInclude>
    <ClInclude Include="Graphics\Renderers\WaterRenderer.h">
      <Filter>Graphics\Renderers</Filter>
    </ClInclude>
    <ClInclude Include="Graphics\Shaders\WaterShader.h">
      <Filter>Graphics\Shaders</Filter>
    </ClInclude>
    <ClInclude Include="Graphics\Projection.h">
      <Filter>Graphics</Filter>
    </ClInclude>
    <ClInclude Include="Graphics\Renderers\EntityRenderer.h">
      <Filter>Graphics\Renderers</Filter>
    </ClInclude>
    <ClInclude Include="Util\Generators\PrimitiveGenerator.h">
      <Filter>Util\Generators</Filter>
    </ClInclude>
    <ClInclude Include="Graphics\Shaders\SkyboxShader.h">
      <Filter>Graphics\Shaders</Filter>
    </ClInclude>
    <ClInclude Include="Graphics\Renderers\SkyboxRenderer.h">
      <Filter>Graphics\Renderers</Filter>
    </ClInclude>
    <ClInclude Include="Util\Generators\Generator.h">
      <Filter>Util\Generators</Filter>
    </ClInclude>
    <ClInclude Include="Util\Generators\SkyboxGenerator.h">
      <Filter>Util\Generators</Filter>
    </ClInclude>
    <ClInclude Include="Util\Loaders\ModelLoader.h">
      <Filter>Util\Loaders</Filter>
    </ClInclude>
    <ClInclude Include="Graphics\Renderers\Renderer.h">
      <Filter>Graphics\Renderers</Filter>
    </ClInclude>
    <ClInclude Include="Precompiled.h" />
    <ClInclude Include="Util\Random.h">
      <Filter>Util</Filter>
    </ClInclude>
    <ClInclude Include="Graphics\Font.h">
      <Filter>Graphics</Filter>
    </ClInclude>
    <ClInclude Include="Game\Scene\Camera\TargetedCamera.h">
      <Filter>Game\Scene\Camera</Filter>
    </ClInclude>
    <ClInclude Include="Game\Scene\Light\PointLight.h">
      <Filter>Game\Scene\Light</Filter>
    </ClInclude>
    <ClInclude Include="Game\Scene\Light\SpotLight.h">
      <Filter>Game\Scene\Light</Filter>
    </ClInclude>
    <ClInclude Include="Game\Scene\Object\Entity.h">
      <Filter>Game\Scene\Object</Filter>
    </ClInclude>
    <ClInclude Include="Game\Scene\Object\Skybox.h">
      <Filter>Game\Scene\Object</Filter>
    </ClInclude>
    <ClInclude Include="Game\Scene\Object\Water.h">
      <Filter>Game\Scene\Object</Filter>
    </ClInclude>
    <ClInclude Include="Game\Scene\Object\Actor.h">
      <Filter>Game\Scene\Object</Filter>
    </ClInclude>
    <ClInclude Include="Game\Scene\Light\DirectionalLight.h">
      <Filter>Game\Scene\Light</Filter>
    </ClInclude>
    <ClInclude Include="Game\Scene\Camera.h">
      <Filter>Game\Scene</Filter>
    </ClInclude>
    <ClInclude Include="Game\Scene\Light.h">
      <Filter>Game\Scene</Filter>
    </ClInclude>
    <ClInclude Include="Graphics\GraphicsUtils.h">
      <Filter>Graphics</Filter>
    </ClInclude>
    <ClInclude Include="Math\MathUtils3D.h">
      <Filter>Math</Filter>
    </ClInclude>
    <ClInclude Include="Util\Generators\TextMeshGenerator.h">
      <Filter>Util\Generators</Filter>
    </ClInclude>
    <ClInclude Include="Graphics\Text.h">
      <Filter>Graphics</Filter>
    </ClInclude>
    <ClInclude Include="Graphics\Renderers\TextRenderer.h">
      <Filter>Graphics\Renderers</Filter>
    </ClInclude>
    <ClInclude Include="Graphics\Shaders\TextShader.h">
      <Filter>Graphics\Shaders</Filter>
    </ClInclude>
    <ClInclude Include="Math\MathUtils.h">
      <Filter>Math</Filter>
    </ClInclude>
    <ClInclude Include="Math\MathUtils2D.h">
      <Filter>Math</Filter>
    </ClInclude>
    <ClInclude Include="Util\Loaders\FontMappingLoader.h">
      <Filter>Util\Loaders</Filter>
    </ClInclude>
    <ClInclude Include="Core\Exception.h">
      <Filter>Core</Filter>
    </ClInclude>
    <ClInclude Include="Core\Exception\IOException.h">
      <Filter>Core\Exception</Filter>
    </ClInclude>
    <ClInclude Include="IO\InputFile.h">
      <Filter>IO</Filter>
    </ClInclude>
    <ClInclude Include="IO\OutputFile.h">
      <Filter>IO</Filter>
    </ClInclude>
    <ClInclude Include="Config.h" />
    <ClInclude Include="Core\Exception\ParsingException.h">
      <Filter>Core\Exception</Filter>
    </ClInclude>
    <ClInclude Include="Game\Attributes\HasPosition2D.h">
      <Filter>Game\Attributes</Filter>
    </ClInclude>
    <ClInclude Include="Game\Attributes\HasRotation2D.h">
      <Filter>Game\Attributes</Filter>
    </ClInclude>
    <ClInclude Include="Core\Exception\UnsupportedException.h">
      <Filter>Core\Exception</Filter>
    </ClInclude>
    <ClInclude Include="Math\Physics\PhysicsEngine.h">
      <Filter>Math\Physics</Filter>
    </ClInclude>
    <ClInclude Include="Math\Physics\RigidBody.h">
      <Filter>Math\Physics</Filter>
    </ClInclude>
    <ClInclude Include="Math\Physics\RigidBody\Plane.h">
      <Filter>Math\Physics\RigidBody</Filter>
    </ClInclude>
    <ClInclude Include="Math\Physics\RigidBody\Box.h">
      <Filter>Math\Physics\RigidBody</Filter>
    </ClInclude>
    <ClInclude Include="Util\Loaders\SceneLoader.h">
      <Filter>Util\Loaders</Filter>
    </ClInclude>
    <ClInclude Include="Util\YAMLParser.h">
      <Filter>Util</Filter>
    </ClInclude>
  </ItemGroup>
</Project>