<?xml version="1.0" encoding="utf-8"?>
<Project ToolsVersion="4.0" xmlns="http://schemas.microsoft.com/developer/msbuild/2003">
  <ItemGroup>
    <ClCompile Include="Test.cpp" />
    <ClCompile Include="App\TestApplication.cpp">
      <Filter>App</Filter>
    </ClCompile>
    <ClCompile Include="Game\TestScene.cpp">
      <Filter>Game</Filter>
    </ClCompile>
  </ItemGroup>
  <ItemGroup>
    <ClInclude Include="App\TestApplication.h">
      <Filter>App</Filter>
    </ClInclude>
    <ClInclude Include="Game\TestScene.h">
      <Filter>Game</Filter>
    </ClInclude>
  </ItemGroup>
  <ItemGroup>
    <Filter Include="App">
      <UniqueIdentifier>{e334fb39-852f-4526-800f-767fc52504d6}</UniqueIdentifier>
    </Filter>
    <Filter Include="Game">
      <UniqueIdentifier>{f02d2b4e-a67b-4f6a-b7da-1f821301d6ea}</UniqueIdentifier>
    </Filter>
  </ItemGroup>
</Project>